
Microsoft Visual Studio Solution File, Format Version 12.00
# Visual Studio Version 17
VisualStudioVersion = 17.11.35431.28
MinimumVisualStudioVersion = 10.0.40219.1
Project("{FAE04EC0-301F-11D3-BF4B-00C04F79EFBC}") = "QuanLyNhanSu", "QuanLyNhanSu\QuanLyNhanSu.csproj", "{BA594623-1944-4038-8708-BDF4D5EE4EAD}"
EndProject
Global
	GlobalSection(SolutionConfigurationPlatforms) = preSolution
		Debug|Any CPU = Debug|Any CPU
		Release|Any CPU = Release|Any CPU
	EndGlobalSection
	GlobalSection(ProjectConfigurationPlatforms) = postSolution
		{BA594623-1944-4038-8708-BDF4D5EE4EAD}.Debug|Any CPU.ActiveCfg = Debug|Any CPU
		{BA594623-1944-4038-8708-BDF4D5EE4EAD}.Debug|Any CPU.Build.0 = Debug|Any CPU
		{BA594623-1944-4038-8708-BDF4D5EE4EAD}.Release|Any CPU.ActiveCfg = Release|Any CPU
		{BA594623-1944-4038-8708-BDF4D5EE4EAD}.Release|Any CPU.Build.0 = Release|Any CPU
	EndGlobalSection
	GlobalSection(SolutionProperties) = preSolution
		HideSolutionNode = FALSE
	EndGlobalSection
	GlobalSection(ExtensibilityGlobals) = postSolution
		SolutionGuid = {3A0CACE8-0290-4F8D-935D-34F268D8941D}
	EndGlobalSection
EndGlobal
